PODS:
  - lottie-ios (3.1.6)
  - Malert (4.0)
  - NVActivityIndicatorView (4.8.0):
    - NVActivityIndicatorView/Presenter (= 4.8.0)
  - NVActivityIndicatorView/Presenter (4.8.0)

DEPENDENCIES:
  - lottie-ios
  - Malert
  - NVActivityIndicatorView

SPEC REPOS:
  trunk:
    - lottie-ios
    - Malert
    - NVActivityIndicatorView

SPEC CHECKSUMS:
  lottie-ios: 85ce835dd8c53e02509f20729fc7d6a4e6645a0a
  Malert: 78badcb143f4df7bff1fa62f4bec05497c7865f3
  NVActivityIndicatorView: d24b7ebcf80af5dcd994adb650e2b6c93379270f

PODFILE CHECKSUM: cb57148d79c76746c0c6d2180033092dc49cbc53

COCOAPODS: 1.8.4
